
Microsoft Visual Studio Solution File, Format Version 12.00
# Visual Studio Version 16
VisualStudioVersion = 16.0.29326.143
MinimumVisualStudioVersion = 10.0.40219.1
Project("{FAE04EC0-301F-11D3-BF4B-00C04F79EFBC}") = "LiverMDS", "LiverMDS\LiverMDS.csproj", "{1F27FFF2-1E58-4971-98B2-6B7FC2B0E26C}"
EndProject
Global
	GlobalSection(SolutionConfigurationPlatforms) = preSolution
		Debug|Any CPU = Debug|Any CPU
		Release|Any CPU = Release|Any CPU
	EndGlobalSection
	GlobalSection(ProjectConfigurationPlatforms) = postSolution
		{1F27FFF2-1E58-4971-98B2-6B7FC2B0E26C}.Debug|Any CPU.ActiveCfg = Debug|Any CPU
		{1F27FFF2-1E58-4971-98B2-6B7FC2B0E26C}.Debug|Any CPU.Build.0 = Debug|Any CPU
		{1F27FFF2-1E58-4971-98B2-6B7FC2B0E26C}.Release|Any CPU.ActiveCfg = Release|Any CPU
		{1F27FFF2-1E58-4971-98B2-6B7FC2B0E26C}.Release|Any CPU.Build.0 = Release|Any CPU
	EndGlobalSection
	GlobalSection(SolutionProperties) = preSolution
		HideSolutionNode = FALSE
	EndGlobalSection
	GlobalSection(ExtensibilityGlobals) = postSolution
		SolutionGuid = {442CE49E-2C91-4651-AA4D-DEBF40BFF170}
	EndGlobalSection
EndGlobal
